
Microsoft Visual Studio Solution File, Format Version 12.00
# Visual Studio Version 17
VisualStudioVersion = 17.5.33424.131
MinimumVisualStudioVersion = 10.0.40219.1
Project("{F2A71F9B-5D33-465A-A702-920D77279786}") = "BasicCalculator", "BasicCalculator\BasicCalculator.fsproj", "{80918DBD-CFCA-4D94-B1A0-0941828708CD}"
EndProject
Project("{FAE04EC0-301F-11D3-BF4B-00C04F79EFBC}") = "Math Lab UI", "Math Lab UI\Math Lab UI.csproj", "{1DCB3C3D-1745-4CAF-A1C9-EE8FA9518367}"
EndProject
Project("{F2A71F9B-5D33-465A-A702-920D77279786}") = "MathLab", "MathLab\MathLab.fsproj", "{F7736FFB-7B18-4CF5-B9FF-2D06F8354074}"
EndProject
Project("{F2A71F9B-5D33-465A-A702-920D77279786}") = "ControlLibrary", "ControLibrary\ControlLibrary.fsproj", "{36D2BE06-A4C4-449E-AABF-921975EE0FC2}"
EndProject
Global
	GlobalSection(SolutionConfigurationPlatforms) = preSolution
		Debug|Any CPU = Debug|Any CPU
		Release|Any CPU = Release|Any CPU
	EndGlobalSection
	GlobalSection(ProjectConfigurationPlatforms) = postSolution
		{80918DBD-CFCA-4D94-B1A0-0941828708CD}.Debug|Any CPU.ActiveCfg = Debug|Any CPU
		{80918DBD-CFCA-4D94-B1A0-0941828708CD}.Debug|Any CPU.Build.0 = Debug|Any CPU
		{80918DBD-CFCA-4D94-B1A0-0941828708CD}.Release|Any CPU.ActiveCfg = Release|Any CPU
		{80918DBD-CFCA-4D94-B1A0-0941828708CD}.Release|Any CPU.Build.0 = Release|Any CPU
		{1DCB3C3D-1745-4CAF-A1C9-EE8FA9518367}.Debug|Any CPU.ActiveCfg = Debug|Any CPU
		{1DCB3C3D-1745-4CAF-A1C9-EE8FA9518367}.Debug|Any CPU.Build.0 = Debug|Any CPU
		{1DCB3C3D-1745-4CAF-A1C9-EE8FA9518367}.Release|Any CPU.ActiveCfg = Release|Any CPU
		{1DCB3C3D-1745-4CAF-A1C9-EE8FA9518367}.Release|Any CPU.Build.0 = Release|Any CPU
		{F7736FFB-7B18-4CF5-B9FF-2D06F8354074}.Debug|Any CPU.ActiveCfg = Debug|Any CPU
		{F7736FFB-7B18-4CF5-B9FF-2D06F8354074}.Debug|Any CPU.Build.0 = Debug|Any CPU
		{F7736FFB-7B18-4CF5-B9FF-2D06F8354074}.Release|Any CPU.ActiveCfg = Release|Any CPU
		{F7736FFB-7B18-4CF5-B9FF-2D06F8354074}.Release|Any CPU.Build.0 = Release|Any CPU
		{36D2BE06-A4C4-449E-AABF-921975EE0FC2}.Debug|Any CPU.ActiveCfg = Debug|Any CPU
		{36D2BE06-A4C4-449E-AABF-921975EE0FC2}.Debug|Any CPU.Build.0 = Debug|Any CPU
		{36D2BE06-A4C4-449E-AABF-921975EE0FC2}.Release|Any CPU.ActiveCfg = Release|Any CPU
		{36D2BE06-A4C4-449E-AABF-921975EE0FC2}.Release|Any CPU.Build.0 = Release|Any CPU
	EndGlobalSection
	GlobalSection(SolutionProperties) = preSolution
		HideSolutionNode = FALSE
	EndGlobalSection
	GlobalSection(ExtensibilityGlobals) = postSolution
		SolutionGuid = {8AD0ADD8-2206-412A-9FFF-1C23BED69D3A}
	EndGlobalSection
EndGlobal
